// !$*UTF8*$!
{
	archiveVersion = 1;
	classes = {
	};
	objectVersion = 55;
	objects = {

/* Begin PBXBuildFile section */
		D5901A982726AFC80022122E /* MovieListViewController.swift in Sources */ = {isa = PBXBuildFile; fileRef = D5901A972726AFC80022122E /* MovieListViewController.swift */; };
		D5901A9A2726B02B0022122E /* MovieListTableViewCell.swift in Sources */ = {isa = PBXBuildFile; fileRef = D5901A992726B02B0022122E /* MovieListTableViewCell.swift */; };
		D5901A9C2726B4010022122E /* MainViewController.swift in Sources */ = {isa = PBXBuildFile; fileRef = D5901A9B2726B4010022122E /* MainViewController.swift */; };
		D5901A9E2726B54A0022122E /* TvShow.swift in Sources */ = {isa = PBXBuildFile; fileRef = D5901A9D2726B54A0022122E /* TvShow.swift */; };
		D5901AA02726BAED0022122E /* Sample.swift in Sources */ = {isa = PBXBuildFile; fileRef = D5901A9F2726BAED0022122E /* Sample.swift */; };
		D5901AA32726C1910022122E /* Kingfisher in Frameworks */ = {isa = PBXBuildFile; productRef = D5901AA22726C1910022122E /* Kingfisher */; };
		D5901AA5272723490022122E /* CastViewController.swift in Sources */ = {isa = PBXBuildFile; fileRef = D5901AA4272723490022122E /* CastViewController.swift */; };
		D5901ACA27279D270022122E /* Alamofire in Frameworks */ = {isa = PBXBuildFile; productRef = D5901AC927279D270022122E /* Alamofire */; };
		D5901ACD27279D470022122E /* SwiftyJSON in Frameworks */ = {isa = PBXBuildFile; productRef = D5901ACC27279D470022122E /* SwiftyJSON */; };
		D5901ACF2727A7E40022122E /* MovieModel.swift in Sources */ = {isa = PBXBuildFile; fileRef = D5901ACE2727A7E40022122E /* MovieModel.swift */; };
		D5AF13C5271F9E53009AA5DE /* AppDelegate.swift in Sources */ = {isa = PBXBuildFile; fileRef = D5AF13C4271F9E53009AA5DE /* AppDelegate.swift */; };
		D5AF13C7271F9E53009AA5DE /* SceneDelegate.swift in Sources */ = {isa = PBXBuildFile; fileRef = D5AF13C6271F9E53009AA5DE /* SceneDelegate.swift */; };
		D5AF13C9271F9E53009AA5DE /* ViewController.swift in Sources */ = {isa = PBXBuildFile; fileRef = D5AF13C8271F9E53009AA5DE /* ViewController.swift */; };
		D5AF13CC271F9E53009AA5DE /* Main.storyboard in Resources */ = {isa = PBXBuildFile; fileRef = D5AF13CA271F9E53009AA5DE /* Main.storyboard */; };
		D5AF13CE271F9E54009AA5DE /* Assets.xcassets in Resources */ = {isa = PBXBuildFile; fileRef = D5AF13CD271F9E54009AA5DE /* Assets.xcassets */; };
		D5AF13D1271F9E54009AA5DE /* LaunchScreen.storyboard in Resources */ = {isa = PBXBuildFile; fileRef = D5AF13CF271F9E54009AA5DE /* LaunchScreen.storyboard */; };
		D5FBA2542724028700F97FE5 /* MovieInfoTableViewCell.swift in Sources */ = {isa = PBXBuildFile; fileRef = D5FBA2522724028700F97FE5 /* MovieInfoTableViewCell.swift */; };
		D5FBA2552724028700F97FE5 /* MovieInfoTableViewCell.xib in Resources */ = {isa = PBXBuildFile; fileRef = D5FBA2532724028700F97FE5 /* MovieInfoTableViewCell.xib */; };
		D5FBA2572725D67700F97FE5 /* MovieDetailViewController.swift in Sources */ = {isa = PBXBuildFile; fileRef = D5FBA2562725D67700F97FE5 /* MovieDetailViewController.swift */; };
/* End PBXBuildFile section */

/* Begin PBXFileReference section */
		D5901A972726AFC80022122E /* MovieListViewController.swift */ = {isa = PBXFileReference; lastKnownFileType = sourcecode.swift; path = MovieListViewController.swift; sourceTree = "<group>"; };
		D5901A992726B02B0022122E /* MovieListTableViewCell.swift */ = {isa = PBXFileReference; lastKnownFileType = sourcecode.swift; path = MovieListTableViewCell.swift; sourceTree = "<group>"; };
		D5901A9B2726B4010022122E /* MainViewController.swift */ = {isa = PBXFileReference; lastKnownFileType = sourcecode.swift; path = MainViewController.swift; sourceTree = "<group>"; };
		D5901A9D2726B54A0022122E /* TvShow.swift */ = {isa = PBXFileReference; lastKnownFileType = sourcecode.swift; path = TvShow.swift; sourceTree = "<group>"; };
		D5901A9F2726BAED0022122E /* Sample.swift */ = {isa = PBXFileReference; fileEncoding = 4; lastKnownFileType = sourcecode.swift; name = Sample.swift; path = ../../../../Documents/SeSAC_iOS_013/Sample.swift; sourceTree = "<group>"; };
		D5901AA4272723490022122E /* CastViewController.swift */ = {isa = PBXFileReference; lastKnownFileType = sourcecode.swift; path = CastViewController.swift; sourceTree = "<group>"; };
		D5901ACE2727A7E40022122E /* MovieModel.swift */ = {isa = PBXFileReference; lastKnownFileType = sourcecode.swift; path = MovieModel.swift; sourceTree = "<group>"; };
		D5AF13C1271F9E53009AA5DE /* Trend Media.app */ = {isa = PBXFileReference; explicitFileType = wrapper.application; includeInIndex = 0; path = "Trend Media.app"; sourceTree = BUILT_PRODUCTS_DIR; };
		D5AF13C4271F9E53009AA5DE /* AppDelegate.swift */ = {isa = PBXFileReference; lastKnownFileType = sourcecode.swift; path = AppDelegate.swift; sourceTree = "<group>"; };
		D5AF13C6271F9E53009AA5DE /* SceneDelegate.swift */ = {isa = PBXFileReference; lastKnownFileType = sourcecode.swift; path = SceneDelegate.swift; sourceTree = "<group>"; };
		D5AF13C8271F9E53009AA5DE /* ViewController.swift */ = {isa = PBXFileReference; lastKnownFileType = sourcecode.swift; path = ViewController.swift; sourceTree = "<group>"; };
		D5AF13CB271F9E53009AA5DE /* Base */ = {isa = PBXFileReference; lastKnownFileType = file.storyboard; name = Base; path = Base.lproj/Main.storyboard; sourceTree = "<group>"; };
		D5AF13CD271F9E54009AA5DE /* Assets.xcassets */ = {isa = PBXFileReference; lastKnownFileType = folder.assetcatalog; path = Assets.xcassets; sourceTree = "<group>"; };
		D5AF13D0271F9E54009AA5DE /* Base */ = {isa = PBXFileReference; lastKnownFileType = file.storyboard; name = Base; path = Base.lproj/LaunchScreen.storyboard; sourceTree = "<group>"; };
		D5AF13D2271F9E54009AA5DE /* Info.plist */ = {isa = PBXFileReference; lastKnownFileType = text.plist.xml; path = Info.plist; sourceTree = "<group>"; };
		D5FBA2522724028700F97FE5 /* MovieInfoTableViewCell.swift */ = {isa = PBXFileReference; lastKnownFileType = sourcecode.swift; path = MovieInfoTableViewCell.swift; sourceTree = "<group>"; };
		D5FBA2532724028700F97FE5 /* MovieInfoTableViewCell.xib */ = {isa = PBXFileReference; lastKnownFileType = file.xib; path = MovieInfoTableViewCell.xib; sourceTree = "<group>"; };
		D5FBA2562725D67700F97FE5 /* MovieDetailViewController.swift */ = {isa = PBXFileReference; lastKnownFileType = sourcecode.swift; path = MovieDetailViewController.swift; sourceTree = "<group>"; };
/* End PBXFileReference section */

/* Begin PBXFrameworksBuildPhase section */
		D5AF13BE271F9E53009AA5DE /* Frameworks */ = {
			isa = PBXFrameworksBuildPhase;
			buildActionMask = 2147483647;
			files = (
				D5901ACD27279D470022122E /* SwiftyJSON in Frameworks */,
				D5901AA32726C1910022122E /* Kingfisher in Frameworks */,
				D5901ACA27279D270022122E /* Alamofire in Frameworks */,
			);
			runOnlyForDeploymentPostprocessing = 0;
		};
/* End PBXFrameworksBuildPhase section */

/* Begin PBXGroup section */
		D5AF13B8271F9E53009AA5DE = {
			isa = PBXGroup;
			children = (
				D5AF13C3271F9E53009AA5DE /* Trend Media */,
				D5AF13C2271F9E53009AA5DE /* Products */,
			);
			sourceTree = "<group>";
		};
		D5AF13C2271F9E53009AA5DE /* Products */ = {
			isa = PBXGroup;
			children = (
				D5AF13C1271F9E53009AA5DE /* Trend Media.app */,
			);
			name = Products;
			sourceTree = "<group>";
		};
		D5AF13C3271F9E53009AA5DE /* Trend Media */ = {
			isa = PBXGroup;
			children = (
				D5901ACE2727A7E40022122E /* MovieModel.swift */,
				D5901A9F2726BAED0022122E /* Sample.swift */,
				D5AF13C4271F9E53009AA5DE /* AppDelegate.swift */,
				D5AF13C6271F9E53009AA5DE /* SceneDelegate.swift */,
				D5AF13C8271F9E53009AA5DE /* ViewController.swift */,
				D5AF13CA271F9E53009AA5DE /* Main.storyboard */,
				D5901AA4272723490022122E /* CastViewController.swift */,
				D5901A9B2726B4010022122E /* MainViewController.swift */,
				D5901A9D2726B54A0022122E /* TvShow.swift */,
				D5901A992726B02B0022122E /* MovieListTableViewCell.swift */,
				D5901A972726AFC80022122E /* MovieListViewController.swift */,
				D5FBA2562725D67700F97FE5 /* MovieDetailViewController.swift */,
				D5FBA2522724028700F97FE5 /* MovieInfoTableViewCell.swift */,
				D5FBA2532724028700F97FE5 /* MovieInfoTableViewCell.xib */,
				D5AF13CD271F9E54009AA5DE /* Assets.xcassets */,
				D5AF13CF271F9E54009AA5DE /* LaunchScreen.storyboard */,
				D5AF13D2271F9E54009AA5DE /* Info.plist */,
			);
			path = "Trend Media";
			sourceTree = "<group>";
		};
/* End PBXGroup section */

/* Begin PBXNativeTarget section */
		D5AF13C0271F9E53009AA5DE /* Trend Media */ = {
			isa = PBXNativeTarget;
			buildConfigurationList = D5AF13D5271F9E54009AA5DE /* Build configuration list for PBXNativeTarget "Trend Media" */;
			buildPhases = (
				D5AF13BD271F9E53009AA5DE /* Sources */,
				D5AF13BE271F9E53009AA5DE /* Frameworks */,
				D5AF13BF271F9E53009AA5DE /* Resources */,
			);
			buildRules = (
			);
			dependencies = (
			);
			name = "Trend Media";
			packageProductDependencies = (
				D5901AA22726C1910022122E /* Kingfisher */,
				D5901AC927279D270022122E /* Alamofire */,
				D5901ACC27279D470022122E /* SwiftyJSON */,
			);
			productName = "Trend Media";
			productReference = D5AF13C1271F9E53009AA5DE /* Trend Media.app */;
			productType = "com.apple.product-type.application";
		};
/* End PBXNativeTarget section */

/* Begin PBXProject section */
		D5AF13B9271F9E53009AA5DE /* Project object */ = {
			isa = PBXProject;
			attributes = {
				BuildIndependentTargetsInParallel = 1;
				LastSwiftUpdateCheck = 1300;
				LastUpgradeCheck = 1300;
				TargetAttributes = {
					D5AF13C0271F9E53009AA5DE = {
						CreatedOnToolsVersion = 13.0;
					};
				};
			};
			buildConfigurationList = D5AF13BC271F9E53009AA5DE /* Build configuration list for PBXProject "Trend Media" */;
			compatibilityVersion = "Xcode 13.0";
			developmentRegion = en;
			hasScannedForEncodings = 0;
			knownRegions = (
				en,
				Base,
			);
			mainGroup = D5AF13B8271F9E53009AA5DE;
			packageReferences = (
				D5901AA12726C1910022122E /* XCRemoteSwiftPackageReference "Kingfisher" */,
				D5901AC827279D270022122E /* XCRemoteSwiftPackageReference "Alamofire" */,
				D5901ACB27279D470022122E /* XCRemoteSwiftPackageReference "SwiftyJSON" */,
			);
			productRefGroup = D5AF13C2271F9E53009AA5DE /* Products */;
			projectDirPath = "";
			projectRoot = "";
			targets = (
				D5AF13C0271F9E53009AA5DE /* Trend Media */,
			);
		};
/* End PBXProject section */

/* Begin PBXResourcesBuildPhase section */
		D5AF13BF271F9E53009AA5DE /* Resources */ = {
			isa = PBXResourcesBuildPhase;
			buildActionMask = 2147483647;
			files = (
				D5AF13D1271F9E54009AA5DE /* LaunchScreen.storyboard in Resources */,
				D5AF13CE271F9E54009AA5DE /* Assets.xcassets in Resources */,
				D5FBA2552724028700F97FE5 /* MovieInfoTableViewCell.xib in Resources */,
				D5AF13CC271F9E53009AA5DE /* Main.storyboard in Resources */,
			);
			runOnlyForDeploymentPostprocessing = 0;
		};
/* End PBXResourcesBuildPhase section */

/* Begin PBXSourcesBuildPhase section */
		D5AF13BD271F9E53009AA5DE /* Sources */ = {
			isa = PBXSourcesBuildPhase;
			buildActionMask = 2147483647;
			files = (
				D5901ACF2727A7E40022122E /* MovieModel.swift in Sources */,
				D5901A9E2726B54A0022122E /* TvShow.swift in Sources */,
				D5AF13C9271F9E53009AA5DE /* ViewController.swift in Sources */,
				D5FBA2572725D67700F97FE5 /* MovieDetailViewController.swift in Sources */,
				D5AF13C5271F9E53009AA5DE /* AppDelegate.swift in Sources */,
				D5901A9A2726B02B0022122E /* MovieListTableViewCell.swift in Sources */,
				D5901AA02726BAED0022122E /* Sample.swift in Sources */,
				D5901AA5272723490022122E /* CastViewController.swift in Sources */,
				D5901A982726AFC80022122E /* MovieListViewController.swift in Sources */,
				D5FBA2542724028700F97FE5 /* MovieInfoTableViewCell.swift in Sources */,
				D5AF13C7271F9E53009AA5DE /* SceneDelegate.swift in Sources */,
				D5901A9C2726B4010022122E /* MainViewController.swift in Sources */,
			);
			runOnlyForDeploymentPostprocessing = 0;
		};
/* End PBXSourcesBuildPhase section */

/* Begin PBXVariantGroup section */
		D5AF13CA271F9E53009AA5DE /* Main.storyboard */ = {
			isa = PBXVariantGroup;
			children = (
				D5AF13CB271F9E53009AA5DE /* Base */,
			);
			name = Main.storyboard;
			sourceTree = "<group>";
		};
		D5AF13CF271F9E54009AA5DE /* LaunchScreen.storyboard */ = {
			isa = PBXVariantGroup;
			children = (
				D5AF13D0271F9E54009AA5DE /* Base */,
			);
			name = LaunchScreen.storyboard;
			sourceTree = "<group>";
		};
/* End PBXVariantGroup section */

/* Begin XCBuildConfiguration section */
		D5AF13D3271F9E54009AA5DE /* Debug */ = {
			isa = XCBuildConfiguration;
			buildSettings = {
				ALWAYS_SEARCH_USER_PATHS = NO;
				CLANG_ANALYZER_NONNULL = YES;
				CLANG_ANALYZER_NUMBER_OBJECT_CONVERSION = YES_AGGRESSIVE;
				CLANG_CXX_LANGUAGE_STANDARD = "gnu++17";
				CLANG_CXX_LIBRARY = "libc++";
				CLANG_ENABLE_MODULES = YES;
				CLANG_ENABLE_OBJC_ARC = YES;
				CLANG_ENABLE_OBJC_WEAK = YES;
				CLANG_WARN_BLOCK_CAPTURE_AUTORELEASING = YES;
				CLANG_WARN_BOOL_CONVERSION = YES;
				CLANG_WARN_COMMA = YES;
				CLANG_WARN_CONSTANT_CONVERSION = YES;
				CLANG_WARN_DEPRECATED_OBJC_IMPLEMENTATIONS = YES;
				CLANG_WARN_DIRECT_OBJC_ISA_USAGE = YES_ERROR;
				CLANG_WARN_DOCUMENTATION_COMMENTS = YES;
				CLANG_WARN_EMPTY_BODY = YES;
				CLANG_WARN_ENUM_CONVERSION = YES;
				CLANG_WARN_INFINITE_RECURSION = YES;
				CLANG_WARN_INT_CONVERSION = YES;
				CLANG_WARN_NON_LITERAL_NULL_CONVERSION = YES;
				CLANG_WARN_OBJC_IMPLICIT_RETAIN_SELF = YES;
				CLANG_WARN_OBJC_LITERAL_CONVERSION = YES;
				CLANG_WARN_OBJC_ROOT_CLASS = YES_ERROR;
				CLANG_WARN_QUOTED_INCLUDE_IN_FRAMEWORK_HEADER = YES;
				CLANG_WARN_RANGE_LOOP_ANALYSIS = YES;
				CLANG_WARN_STRICT_PROTOTYPES = YES;
				CLANG_WARN_SUSPICIOUS_MOVE = YES;
				CLANG_WARN_UNGUARDED_AVAILABILITY = YES_AGGRESSIVE;
				CLANG_WARN_UNREACHABLE_CODE = YES;
				CLANG_WARN__DUPLICATE_METHOD_MATCH = YES;
				COPY_PHASE_STRIP = NO;
				DEBUG_INFORMATION_FORMAT = dwarf;
				ENABLE_STRICT_OBJC_MSGSEND = YES;
				ENABLE_TESTABILITY = YES;
				GCC_C_LANGUAGE_STANDARD = gnu11;
				GCC_DYNAMIC_NO_PIC = NO;
				GCC_NO_COMMON_BLOCKS = YES;
				GCC_OPTIMIZATION_LEVEL = 0;
				GCC_PREPROCESSOR_DEFINITIONS = (
					"DEBUG=1",
					"$(inherited)",
				);
				GCC_WARN_64_TO_32_BIT_CONVERSION = YES;
				GCC_WARN_ABOUT_RETURN_TYPE = YES_ERROR;
				GCC_WARN_UNDECLARED_SELECTOR = YES;
				GCC_WARN_UNINITIALIZED_AUTOS = YES_AGGRESSIVE;
				GCC_WARN_UNUSED_FUNCTION = YES;
				GCC_WARN_UNUSED_VARIABLE = YES;
				IPHONEOS_DEPLOYMENT_TARGET = 15.0;
				MTL_ENABLE_DEBUG_INFO = INCLUDE_SOURCE;
				MTL_FAST_MATH = YES;
				ONLY_ACTIVE_ARCH = YES;
				SDKROOT = iphoneos;
				SWIFT_ACTIVE_COMPILATION_CONDITIONS = DEBUG;
				SWIFT_OPTIMIZATION_LEVEL = "-Onone";
			};
			name = Debug;
		};
		D5AF13D4271F9E54009AA5DE /* Release */ = {
			isa = XCBuildConfiguration;
			buildSettings = {
				ALWAYS_SEARCH_USER_PATHS = NO;
				CLANG_ANALYZER_NONNULL = YES;
				CLANG_ANALYZER_NUMBER_OBJECT_CONVERSION = YES_AGGRESSIVE;
				CLANG_CXX_LANGUAGE_STANDARD = "gnu++17";
				CLANG_CXX_LIBRARY = "libc++";
				CLANG_ENABLE_MODULES = YES;
				CLANG_ENABLE_OBJC_ARC = YES;
				CLANG_ENABLE_OBJC_WEAK = YES;
				CLANG_WARN_BLOCK_CAPTURE_AUTORELEASING = YES;
				CLANG_WARN_BOOL_CONVERSION = YES;
				CLANG_WARN_COMMA = YES;
				CLANG_WARN_CONSTANT_CONVERSION = YES;
				CLANG_WARN_DEPRECATED_OBJC_IMPLEMENTATIONS = YES;
				CLANG_WARN_DIRECT_OBJC_ISA_USAGE = YES_ERROR;
				CLANG_WARN_DOCUMENTATION_COMMENTS = YES;
				CLANG_WARN_EMPTY_BODY = YES;
				CLANG_WARN_ENUM_CONVERSION = YES;
				CLANG_WARN_INFINITE_RECURSION = YES;
				CLANG_WARN_INT_CONVERSION = YES;
				CLANG_WARN_NON_LITERAL_NULL_CONVERSION = YES;
				CLANG_WARN_OBJC_IMPLICIT_RETAIN_SELF = YES;
				CLANG_WARN_OBJC_LITERAL_CONVERSION = YES;
				CLANG_WARN_OBJC_ROOT_CLASS = YES_ERROR;
				CLANG_WARN_QUOTED_INCLUDE_IN_FRAMEWORK_HEADER = YES;
				CLANG_WARN_RANGE_LOOP_ANALYSIS = YES;
				CLANG_WARN_STRICT_PROTOTYPES = YES;
				CLANG_WARN_SUSPICIOUS_MOVE = YES;
				CLANG_WARN_UNGUARDED_AVAILABILITY = YES_AGGRESSIVE;
				CLANG_WARN_UNREACHABLE_CODE = YES;
				CLANG_WARN__DUPLICATE_METHOD_MATCH = YES;
				COPY_PHASE_STRIP = NO;
				DEBUG_INFORMATION_FORMAT = "dwarf-with-dsym";
				ENABLE_NS_ASSERTIONS = NO;
				ENABLE_STRICT_OBJC_MSGSEND = YES;
				GCC_C_LANGUAGE_STANDARD = gnu11;
				GCC_NO_COMMON_BLOCKS = YES;
				GCC_WARN_64_TO_32_BIT_CONVERSION = YES;
				GCC_WARN_ABOUT_RETURN_TYPE = YES_ERROR;
				GCC_WARN_UNDECLARED_SELECTOR = YES;
				GCC_WARN_UNINITIALIZED_AUTOS = YES_AGGRESSIVE;
				GCC_WARN_UNUSED_FUNCTION = YES;
				GCC_WARN_UNUSED_VARIABLE = YES;
				IPHONEOS_DEPLOYMENT_TARGET = 15.0;
				MTL_ENABLE_DEBUG_INFO = NO;
				MTL_FAST_MATH = YES;
				SDKROOT = iphoneos;
				SWIFT_COMPILATION_MODE = wholemodule;
				SWIFT_OPTIMIZATION_LEVEL = "-O";
				VALIDATE_PRODUCT = YES;
			};
			name = Release;
		};
		D5AF13D6271F9E54009AA5DE /* Debug */ = {
			isa = XCBuildConfiguration;
			buildSettings = {
				ASSETCATALOG_COMPILER_APPICON_NAME = AppIcon;
				ASSETCATALOG_COMPILER_GLOBAL_ACCENT_COLOR_NAME = AccentColor;
				CODE_SIGN_STYLE = Automatic;
				CURRENT_PROJECT_VERSION = 1;
				GENERATE_INFOPLIST_FILE = YES;
				INFOPLIST_FILE = "Trend Media/Info.plist";
				INFOPLIST_KEY_UIApplicationSupportsIndirectInputEvents = YES;
				INFOPLIST_KEY_UILaunchStoryboardName = LaunchScreen;
				INFOPLIST_KEY_UIMainStoryboardFile = Main;
				INFOPLIST_KEY_UISupportedInterfaceOrientations_iPad = "UIInterfaceOrientationPortrait UIInterfaceOrientationPortraitUpsideDown UIInterfaceOrientationLandscapeLeft UIInterfaceOrientationLandscapeRight";
				INFOPLIST_KEY_UISupportedInterfaceOrientations_iPhone = "UIInterfaceOrientationPortrait UIInterfaceOrientationLandscapeLeft UIInterfaceOrientationLandscapeRight";
				LD_RUNPATH_SEARCH_PATHS = (
					"$(inherited)",
					"@executable_path/Frameworks",
				);
				MARKETING_VERSION = 1.0;
				PRODUCT_BUNDLE_IDENTIFIER = "com.kangho.Trend-Media";
				PRODUCT_NAME = "$(TARGET_NAME)";
				SWIFT_EMIT_LOC_STRINGS = YES;
				SWIFT_VERSION = 5.0;
				TARGETED_DEVICE_FAMILY = 1;
			};
			name = Debug;
		};
		D5AF13D7271F9E54009AA5DE /* Release */ = {
			isa = XCBuildConfiguration;
			buildSettings = {
				ASSETCATALOG_COMPILER_APPICON_NAME = AppIcon;
				ASSETCATALOG_COMPILER_GLOBAL_ACCENT_COLOR_NAME = AccentColor;
				CODE_SIGN_STYLE = Automatic;
				CURRENT_PROJECT_VERSION = 1;
				GENERATE_INFOPLIST_FILE = YES;
				INFOPLIST_FILE = "Trend Media/Info.plist";
				INFOPLIST_KEY_UIApplicationSupportsIndirectInputEvents = YES;
				INFOPLIST_KEY_UILaunchStoryboardName = LaunchScreen;
				INFOPLIST_KEY_UIMainStoryboardFile = Main;
				INFOPLIST_KEY_UISupportedInterfaceOrientations_iPad = "UIInterfaceOrientationPortrait UIInterfaceOrientationPortraitUpsideDown UIInterfaceOrientationLandscapeLeft UIInterfaceOrientationLandscapeRight";
				INFOPLIST_KEY_UISupportedInterfaceOrientations_iPhone = "UIInterfaceOrientationPortrait UIInterfaceOrientationLandscapeLeft UIInterfaceOrientationLandscapeRight";
				LD_RUNPATH_SEARCH_PATHS = (
					"$(inherited)",
					"@executable_path/Frameworks",
				);
				MARKETING_VERSION = 1.0;
				PRODUCT_BUNDLE_IDENTIFIER = "com.kangho.Trend-Media";
				PRODUCT_NAME = "$(TARGET_NAME)";
				SWIFT_EMIT_LOC_STRINGS = YES;
				SWIFT_VERSION = 5.0;
				TARGETED_DEVICE_FAMILY = 1;
			};
			name = Release;
		};
/* End XCBuildConfiguration section */

/* Begin XCConfigurationList section */
		D5AF13BC271F9E53009AA5DE /* Build configuration list for PBXProject "Trend Media" */ = {
			isa = XCConfigurationList;
			buildConfigurations = (
				D5AF13D3271F9E54009AA5DE /* Debug */,
				D5AF13D4271F9E54009AA5DE /* Release */,
			);
			defaultConfigurationIsVisible = 0;
			defaultConfigurationName = Release;
		};
		D5AF13D5271F9E54009AA5DE /* Build configuration list for PBXNativeTarget "Trend Media" */ = {
			isa = XCConfigurationList;
			buildConfigurations = (
				D5AF13D6271F9E54009AA5DE /* Debug */,
				D5AF13D7271F9E54009AA5DE /* Release */,
			);
			defaultConfigurationIsVisible = 0;
			defaultConfigurationName = Release;
		};
/* End XCConfigurationList section */

/* Begin XCRemoteSwiftPackageReference section */
		D5901AA12726C1910022122E /* XCRemoteSwiftPackageReference "Kingfisher" */ = {
			isa = XCRemoteSwiftPackageReference;
			repositoryURL = "https://github.com/onevcat/Kingfisher.git";
			requirement = {
				kind = upToNextMajorVersion;
				minimumVersion = 7.0.0;
			};
		};
		D5901AC827279D270022122E /* XCRemoteSwiftPackageReference "Alamofire" */ = {
			isa = XCRemoteSwiftPackageReference;
			repositoryURL = "https://github.com/Alamofire/Alamofire.git";
			requirement = {
				branch = master;
				kind = branch;
			};
		};
		D5901ACB27279D470022122E /* XCRemoteSwiftPackageReference "SwiftyJSON" */ = {
			isa = XCRemoteSwiftPackageReference;
			repositoryURL = "https://github.com/SwiftyJSON/SwiftyJSON.git";
			requirement = {
				kind = exactVersion;
				version = 5.0.0;
			};
		};
/* End XCRemoteSwiftPackageReference section */

/* Begin XCSwiftPackageProductDependency section */
		D5901AA22726C1910022122E /* Kingfisher */ = {
			isa = XCSwiftPackageProductDependency;
			package = D5901AA12726C1910022122E /* XCRemoteSwiftPackageReference "Kingfisher" */;
			productName = Kingfisher;
		};
		D5901AC927279D270022122E /* Alamofire */ = {
			isa = XCSwiftPackageProductDependency;
			package = D5901AC827279D270022122E /* XCRemoteSwiftPackageReference "Alamofire" */;
			productName = Alamofire;
		};
		D5901ACC27279D470022122E /* SwiftyJSON */ = {
			isa = XCSwiftPackageProductDependency;
			package = D5901ACB27279D470022122E /* XCRemoteSwiftPackageReference "SwiftyJSON" */;
			productName = SwiftyJSON;
		};
/* End XCSwiftPackageProductDependency section */
	};
	rootObject = D5AF13B9271F9E53009AA5DE /* Project object */;
}
